// !$*UTF8*$!
{
	archiveVersion = 1;
	classes = {
	};
	objectVersion = 56;
	objects = {

/* Begin PBXBuildFile section */
		445B6D752C00925500C40BC2 /* Kingfisher in Frameworks */ = {isa = PBXBuildFile; productRef = 445B6D742C00925500C40BC2 /* Kingfisher */; };
		445B6D772C01D91C00C40BC2 /* Restaurant.swift in Sources */ = {isa = PBXBuildFile; fileRef = 445B6D762C01D91C00C40BC2 /* Restaurant.swift */; };
		445B6D792C01DB5300C40BC2 /* Restaurant.storyboard in Resources */ = {isa = PBXBuildFile; fileRef = 445B6D782C01DB5300C40BC2 /* Restaurant.storyboard */; };
		445B6D7B2C01DB9000C40BC2 /* RestaurantTableViewController.swift in Sources */ = {isa = PBXBuildFile; fileRef = 445B6D7A2C01DB9000C40BC2 /* RestaurantTableViewController.swift */; };
		445B6D7D2C020A9400C40BC2 /* RestaurantTableViewCell.swift in Sources */ = {isa = PBXBuildFile; fileRef = 445B6D7C2C020A9400C40BC2 /* RestaurantTableViewCell.swift */; };
		4476E53A2C07040B002AB3DD /* CityDetail.storyboard in Resources */ = {isa = PBXBuildFile; fileRef = 4476E5392C07040B002AB3DD /* CityDetail.storyboard */; };
		4476E53C2C07045C002AB3DD /* AdDetail.storyboard in Resources */ = {isa = PBXBuildFile; fileRef = 4476E53B2C07045C002AB3DD /* AdDetail.storyboard */; };
		4476E53E2C0704D5002AB3DD /* CityDetailViewController.swift in Sources */ = {isa = PBXBuildFile; fileRef = 4476E53D2C0704D5002AB3DD /* CityDetailViewController.swift */; };
		4476E5402C0704E4002AB3DD /* AdDetailViewController.swift in Sources */ = {isa = PBXBuildFile; fileRef = 4476E53F2C0704E4002AB3DD /* AdDetailViewController.swift */; };
		447AC9BB2C02C95100B3760C /* Protocols.swift in Sources */ = {isa = PBXBuildFile; fileRef = 447AC9BA2C02C95100B3760C /* Protocols.swift */; };
		448819022C045BA30061F4D7 /* TravelModel.swift in Sources */ = {isa = PBXBuildFile; fileRef = 448819012C045BA30061F4D7 /* TravelModel.swift */; };
		448819052C045FA70061F4D7 /* CityViewController.swift in Sources */ = {isa = PBXBuildFile; fileRef = 448819042C045FA70061F4D7 /* CityViewController.swift */; };
		448819072C045FF90061F4D7 /* City.storyboard in Resources */ = {isa = PBXBuildFile; fileRef = 448819062C045FF90061F4D7 /* City.storyboard */; };
		4488190E2C04636C0061F4D7 /* AdTableViewCell.swift in Sources */ = {isa = PBXBuildFile; fileRef = 4488190C2C04636C0061F4D7 /* AdTableViewCell.swift */; };
		4488190F2C04636C0061F4D7 /* AdTableViewCell.xib in Resources */ = {isa = PBXBuildFile; fileRef = 4488190D2C04636C0061F4D7 /* AdTableViewCell.xib */; };
		448819122C0471A90061F4D7 /* CityTableViewCell.swift in Sources */ = {isa = PBXBuildFile; fileRef = 448819102C0471A90061F4D7 /* CityTableViewCell.swift */; };
		448819132C0471A90061F4D7 /* CityTableViewCell.xib in Resources */ = {isa = PBXBuildFile; fileRef = 448819112C0471A90061F4D7 /* CityTableViewCell.xib */; };
		448819352C04B0520061F4D7 /* UIColor+Extension.swift in Sources */ = {isa = PBXBuildFile; fileRef = 448819342C04B0520061F4D7 /* UIColor+Extension.swift */; };
		448819382C04B7890061F4D7 /* Cosmos in Frameworks */ = {isa = PBXBuildFile; productRef = 448819372C04B7890061F4D7 /* Cosmos */; };
		4488193A2C054F330061F4D7 /* UIImageView+Extension.swift in Sources */ = {isa = PBXBuildFile; fileRef = 448819392C054F330061F4D7 /* UIImageView+Extension.swift */; };
		449B34872C0080DD0010F093 /* AppDelegate.swift in Sources */ = {isa = PBXBuildFile; fileRef = 449B34862C0080DD0010F093 /* AppDelegate.swift */; };
		449B34892C0080DD0010F093 /* SceneDelegate.swift in Sources */ = {isa = PBXBuildFile; fileRef = 449B34882C0080DD0010F093 /* SceneDelegate.swift */; };
		449B348B2C0080DD0010F093 /* MagazineViewController.swift in Sources */ = {isa = PBXBuildFile; fileRef = 449B348A2C0080DD0010F093 /* MagazineViewController.swift */; };
		449B348E2C0080DD0010F093 /* Base in Resources */ = {isa = PBXBuildFile; fileRef = 449B348D2C0080DD0010F093 /* Base */; };
		449B34902C0080DE0010F093 /* Assets.xcassets in Resources */ = {isa = PBXBuildFile; fileRef = 449B348F2C0080DE0010F093 /* Assets.xcassets */; };
		449B34932C0080DE0010F093 /* Base in Resources */ = {isa = PBXBuildFile; fileRef = 449B34922C0080DE0010F093 /* Base */; };
		449B349B2C00829A0010F093 /* Magazine.swift in Sources */ = {isa = PBXBuildFile; fileRef = 449B349A2C00829A0010F093 /* Magazine.swift */; };
		449B34A12C0086590010F093 /* MagazineTableViewCell.swift in Sources */ = {isa = PBXBuildFile; fileRef = 449B34A02C0086590010F093 /* MagazineTableViewCell.swift */; };
/* End PBXBuildFile section */

/* Begin PBXFileReference section */
		445B6D762C01D91C00C40BC2 /* Restaurant.swift */ = {isa = PBXFileReference; lastKnownFileType = sourcecode.swift; path = Restaurant.swift; sourceTree = "<group>"; };
		445B6D782C01DB5300C40BC2 /* Restaurant.storyboard */ = {isa = PBXFileReference; lastKnownFileType = file.storyboard; path = Restaurant.storyboard; sourceTree = "<group>"; };
		445B6D7A2C01DB9000C40BC2 /* RestaurantTableViewController.swift */ = {isa = PBXFileReference; lastKnownFileType = sourcecode.swift; path = RestaurantTableViewController.swift; sourceTree = "<group>"; };
		445B6D7C2C020A9400C40BC2 /* RestaurantTableViewCell.swift */ = {isa = PBXFileReference; lastKnownFileType = sourcecode.swift; path = RestaurantTableViewCell.swift; sourceTree = "<group>"; };
		4476E5392C07040B002AB3DD /* CityDetail.storyboard */ = {isa = PBXFileReference; lastKnownFileType = file.storyboard; path = CityDetail.storyboard; sourceTree = "<group>"; };
		4476E53B2C07045C002AB3DD /* AdDetail.storyboard */ = {isa = PBXFileReference; lastKnownFileType = file.storyboard; path = AdDetail.storyboard; sourceTree = "<group>"; };
		4476E53D2C0704D5002AB3DD /* CityDetailViewController.swift */ = {isa = PBXFileReference; lastKnownFileType = sourcecode.swift; path = CityDetailViewController.swift; sourceTree = "<group>"; };
		4476E53F2C0704E4002AB3DD /* AdDetailViewController.swift */ = {isa = PBXFileReference; lastKnownFileType = sourcecode.swift; path = AdDetailViewController.swift; sourceTree = "<group>"; };
		447AC9BA2C02C95100B3760C /* Protocols.swift */ = {isa = PBXFileReference; lastKnownFileType = sourcecode.swift; path = Protocols.swift; sourceTree = "<group>"; };
		448819012C045BA30061F4D7 /* TravelModel.swift */ = {isa = PBXFileReference; fileEncoding = 4; lastKnownFileType = sourcecode.swift; path = TravelModel.swift; sourceTree = "<group>"; };
		448819042C045FA70061F4D7 /* CityViewController.swift */ = {isa = PBXFileReference; lastKnownFileType = sourcecode.swift; path = CityViewController.swift; sourceTree = "<group>"; };
		448819062C045FF90061F4D7 /* City.storyboard */ = {isa = PBXFileReference; lastKnownFileType = file.storyboard; path = City.storyboard; sourceTree = "<group>"; };
		4488190C2C04636C0061F4D7 /* AdTableViewCell.swift */ = {isa = PBXFileReference; lastKnownFileType = sourcecode.swift; path = AdTableViewCell.swift; sourceTree = "<group>"; };
		4488190D2C04636C0061F4D7 /* AdTableViewCell.xib */ = {isa = PBXFileReference; lastKnownFileType = file.xib; path = AdTableViewCell.xib; sourceTree = "<group>"; };
		448819102C0471A90061F4D7 /* CityTableViewCell.swift */ = {isa = PBXFileReference; lastKnownFileType = sourcecode.swift; path = CityTableViewCell.swift; sourceTree = "<group>"; };
		448819112C0471A90061F4D7 /* CityTableViewCell.xib */ = {isa = PBXFileReference; lastKnownFileType = file.xib; path = CityTableViewCell.xib; sourceTree = "<group>"; };
		448819342C04B0520061F4D7 /* UIColor+Extension.swift */ = {isa = PBXFileReference; lastKnownFileType = sourcecode.swift; path = "UIColor+Extension.swift"; sourceTree = "<group>"; };
		448819392C054F330061F4D7 /* UIImageView+Extension.swift */ = {isa = PBXFileReference; lastKnownFileType = sourcecode.swift; path = "UIImageView+Extension.swift"; sourceTree = "<group>"; };
		449B34832C0080DD0010F093 /* TravelMagazine.app */ = {isa = PBXFileReference; explicitFileType = wrapper.application; includeInIndex = 0; path = TravelMagazine.app; sourceTree = BUILT_PRODUCTS_DIR; };
		449B34862C0080DD0010F093 /* AppDelegate.swift */ = {isa = PBXFileReference; lastKnownFileType = sourcecode.swift; path = AppDelegate.swift; sourceTree = "<group>"; };
		449B34882C0080DD0010F093 /* SceneDelegate.swift */ = {isa = PBXFileReference; lastKnownFileType = sourcecode.swift; path = SceneDelegate.swift; sourceTree = "<group>"; };
		449B348A2C0080DD0010F093 /* MagazineViewController.swift */ = {isa = PBXFileReference; lastKnownFileType = sourcecode.swift; path = MagazineViewController.swift; sourceTree = "<group>"; };
		449B348D2C0080DD0010F093 /* Base */ = {isa = PBXFileReference; lastKnownFileType = file.storyboard; name = Base; path = Base.lproj/Main.storyboard; sourceTree = "<group>"; };
		449B348F2C0080DE0010F093 /* Assets.xcassets */ = {isa = PBXFileReference; lastKnownFileType = folder.assetcatalog; path = Assets.xcassets; sourceTree = "<group>"; };
		449B34922C0080DE0010F093 /* Base */ = {isa = PBXFileReference; lastKnownFileType = file.storyboard; name = Base; path = Base.lproj/LaunchScreen.storyboard; sourceTree = "<group>"; };
		449B34942C0080DE0010F093 /* Info.plist */ = {isa = PBXFileReference; lastKnownFileType = text.plist.xml; path = Info.plist; sourceTree = "<group>"; };
		449B349A2C00829A0010F093 /* Magazine.swift */ = {isa = PBXFileReference; lastKnownFileType = sourcecode.swift; path = Magazine.swift; sourceTree = "<group>"; };
		449B34A02C0086590010F093 /* MagazineTableViewCell.swift */ = {isa = PBXFileReference; lastKnownFileType = sourcecode.swift; path = MagazineTableViewCell.swift; sourceTree = "<group>"; };
/* End PBXFileReference section */

/* Begin PBXFrameworksBuildPhase section */
		449B34802C0080DD0010F093 /* Frameworks */ = {
			isa = PBXFrameworksBuildPhase;
			buildActionMask = 2147483647;
			files = (
				448819382C04B7890061F4D7 /* Cosmos in Frameworks */,
				445B6D752C00925500C40BC2 /* Kingfisher in Frameworks */,
			);
			runOnlyForDeploymentPostprocessing = 0;
		};
/* End PBXFrameworksBuildPhase section */

/* Begin PBXGroup section */
		447AC9B52C02120C00B3760C /* Magazine */ = {
			isa = PBXGroup;
			children = (
				449B348C2C0080DD0010F093 /* Main.storyboard */,
				449B34A02C0086590010F093 /* MagazineTableViewCell.swift */,
			);
			path = Magazine;
			sourceTree = "<group>";
		};
		447AC9B62C02121600B3760C /* Restaurant */ = {
			isa = PBXGroup;
			children = (
				445B6D782C01DB5300C40BC2 /* Restaurant.storyboard */,
				445B6D7C2C020A9400C40BC2 /* RestaurantTableViewCell.swift */,
			);
			path = Restaurant;
			sourceTree = "<group>";
		};
		447AC9B72C02BBEE00B3760C /* Application */ = {
			isa = PBXGroup;
			children = (
				449B34862C0080DD0010F093 /* AppDelegate.swift */,
				449B34882C0080DD0010F093 /* SceneDelegate.swift */,
				449B34912C0080DE0010F093 /* LaunchScreen.storyboard */,
			);
			path = Application;
			sourceTree = "<group>";
		};
		447AC9B82C02BC0300B3760C /* Resource */ = {
			isa = PBXGroup;
			children = (
				449B348F2C0080DE0010F093 /* Assets.xcassets */,
				449B34942C0080DE0010F093 /* Info.plist */,
			);
			path = Resource;
			sourceTree = "<group>";
		};
		447AC9B92C02C94200B3760C /* Utills */ = {
			isa = PBXGroup;
			children = (
				447AC9BA2C02C95100B3760C /* Protocols.swift */,
				44EF2ED22C060890002DFBDC /* Extension */,
			);
			path = Utills;
			sourceTree = "<group>";
		};
		448819032C045F4F0061F4D7 /* Travel */ = {
			isa = PBXGroup;
			children = (
				448819062C045FF90061F4D7 /* City.storyboard */,
				4488190C2C04636C0061F4D7 /* AdTableViewCell.swift */,
				4488190D2C04636C0061F4D7 /* AdTableViewCell.xib */,
				448819102C0471A90061F4D7 /* CityTableViewCell.swift */,
				448819112C0471A90061F4D7 /* CityTableViewCell.xib */,
				4476E5392C07040B002AB3DD /* CityDetail.storyboard */,
				4476E53B2C07045C002AB3DD /* AdDetail.storyboard */,
			);
			path = Travel;
			sourceTree = "<group>";
		};
		449B347A2C0080DD0010F093 = {
			isa = PBXGroup;
			children = (
				449B34852C0080DD0010F093 /* TravelMagazine */,
				449B34842C0080DD0010F093 /* Products */,
			);
			sourceTree = "<group>";
		};
		449B34842C0080DD0010F093 /* Products */ = {
			isa = PBXGroup;
			children = (
				449B34832C0080DD0010F093 /* TravelMagazine.app */,
			);
			name = Products;
			sourceTree = "<group>";
		};
		449B34852C0080DD0010F093 /* TravelMagazine */ = {
			isa = PBXGroup;
			children = (
				447AC9B72C02BBEE00B3760C /* Application */,
				447AC9B92C02C94200B3760C /* Utills */,
				449B349D2C00833B0010F093 /* Model */,
				449B349E2C0083520010F093 /* View */,
				449B349F2C0083830010F093 /* Controller */,
				447AC9B82C02BC0300B3760C /* Resource */,
			);
			path = TravelMagazine;
			sourceTree = "<group>";
		};
		449B349D2C00833B0010F093 /* Model */ = {
			isa = PBXGroup;
			children = (
				449B349A2C00829A0010F093 /* Magazine.swift */,
				445B6D762C01D91C00C40BC2 /* Restaurant.swift */,
				448819012C045BA30061F4D7 /* TravelModel.swift */,
			);
			path = Model;
			sourceTree = "<group>";
		};
		449B349E2C0083520010F093 /* View */ = {
			isa = PBXGroup;
			children = (
				447AC9B52C02120C00B3760C /* Magazine */,
				448819032C045F4F0061F4D7 /* Travel */,
				447AC9B62C02121600B3760C /* Restaurant */,
			);
			path = View;
			sourceTree = "<group>";
		};
		449B349F2C0083830010F093 /* Controller */ = {
			isa = PBXGroup;
			children = (
				44EF2ECF2C06086C002DFBDC /* Magazine */,
				44EF2ED02C060877002DFBDC /* Restaurant */,
				44EF2ED12C060882002DFBDC /* City */,
			);
			path = Controller;
			sourceTree = "<group>";
		};
		44EF2ECF2C06086C002DFBDC /* Magazine */ = {
			isa = PBXGroup;
			children = (
				449B348A2C0080DD0010F093 /* MagazineViewController.swift */,
			);
			path = Magazine;
			sourceTree = "<group>";
		};
		44EF2ED02C060877002DFBDC /* Restaurant */ = {
			isa = PBXGroup;
			children = (
				445B6D7A2C01DB9000C40BC2 /* RestaurantTableViewController.swift */,
			);
			path = Restaurant;
			sourceTree = "<group>";
		};
		44EF2ED12C060882002DFBDC /* City */ = {
			isa = PBXGroup;
			children = (
				448819042C045FA70061F4D7 /* CityViewController.swift */,
				4476E53D2C0704D5002AB3DD /* CityDetailViewController.swift */,
				4476E53F2C0704E4002AB3DD /* AdDetailViewController.swift */,
			);
			path = City;
			sourceTree = "<group>";
		};
		44EF2ED22C060890002DFBDC /* Extension */ = {
			isa = PBXGroup;
			children = (
				448819342C04B0520061F4D7 /* UIColor+Extension.swift */,
				448819392C054F330061F4D7 /* UIImageView+Extension.swift */,
			);
			path = Extension;
			sourceTree = "<group>";
		};
/* End PBXGroup section */

/* Begin PBXNativeTarget section */
		449B34822C0080DD0010F093 /* TravelMagazine */ = {
			isa = PBXNativeTarget;
			buildConfigurationList = 449B34972C0080DE0010F093 /* Build configuration list for PBXNativeTarget "TravelMagazine" */;
			buildPhases = (
				449B347F2C0080DD0010F093 /* Sources */,
				449B34802C0080DD0010F093 /* Frameworks */,
				449B34812C0080DD0010F093 /* Resources */,
			);
			buildRules = (
			);
			dependencies = (
			);
			name = TravelMagazine;
			packageProductDependencies = (
				445B6D742C00925500C40BC2 /* Kingfisher */,
				448819372C04B7890061F4D7 /* Cosmos */,
			);
			productName = TravelMagazine;
			productReference = 449B34832C0080DD0010F093 /* TravelMagazine.app */;
			productType = "com.apple.product-type.application";
		};
/* End PBXNativeTarget section */

/* Begin PBXProject section */
		449B347B2C0080DD0010F093 /* Project object */ = {
			isa = PBXProject;
			attributes = {
				BuildIndependentTargetsInParallel = 1;
				LastSwiftUpdateCheck = 1530;
				LastUpgradeCheck = 1530;
				TargetAttributes = {
					449B34822C0080DD0010F093 = {
						CreatedOnToolsVersion = 15.3;
					};
				};
			};
			buildConfigurationList = 449B347E2C0080DD0010F093 /* Build configuration list for PBXProject "TravelMagazine" */;
			compatibilityVersion = "Xcode 14.0";
			developmentRegion = en;
			hasScannedForEncodings = 0;
			knownRegions = (
				en,
				Base,
			);
			mainGroup = 449B347A2C0080DD0010F093;
			packageReferences = (
				445B6D732C00925500C40BC2 /* XCRemoteSwiftPackageReference "Kingfisher" */,
				448819362C04B7890061F4D7 /* XCRemoteSwiftPackageReference "Cosmos" */,
			);
			productRefGroup = 449B34842C0080DD0010F093 /* Products */;
			projectDirPath = "";
			projectRoot = "";
			targets = (
				449B34822C0080DD0010F093 /* TravelMagazine */,
			);
		};
/* End PBXProject section */

/* Begin PBXResourcesBuildPhase section */
		449B34812C0080DD0010F093 /* Resources */ = {
			isa = PBXResourcesBuildPhase;
			buildActionMask = 2147483647;
			files = (
				449B34902C0080DE0010F093 /* Assets.xcassets in Resources */,
				445B6D792C01DB5300C40BC2 /* Restaurant.storyboard in Resources */,
				4488190F2C04636C0061F4D7 /* AdTableViewCell.xib in Resources */,
				449B34932C0080DE0010F093 /* Base in Resources */,
				448819132C0471A90061F4D7 /* CityTableViewCell.xib in Resources */,
				448819072C045FF90061F4D7 /* City.storyboard in Resources */,
				4476E53A2C07040B002AB3DD /* CityDetail.storyboard in Resources */,
				4476E53C2C07045C002AB3DD /* AdDetail.storyboard in Resources */,
				449B348E2C0080DD0010F093 /* Base in Resources */,
			);
			runOnlyForDeploymentPostprocessing = 0;
		};
/* End PBXResourcesBuildPhase section */

/* Begin PBXSourcesBuildPhase section */
		449B347F2C0080DD0010F093 /* Sources */ = {
			isa = PBXSourcesBuildPhase;
			buildActionMask = 2147483647;
			files = (
				4488193A2C054F330061F4D7 /* UIImageView+Extension.swift in Sources */,
				449B348B2C0080DD0010F093 /* MagazineViewController.swift in Sources */,
				445B6D772C01D91C00C40BC2 /* Restaurant.swift in Sources */,
				445B6D7B2C01DB9000C40BC2 /* RestaurantTableViewController.swift in Sources */,
				4476E53E2C0704D5002AB3DD /* CityDetailViewController.swift in Sources */,
				447AC9BB2C02C95100B3760C /* Protocols.swift in Sources */,
				449B34A12C0086590010F093 /* MagazineTableViewCell.swift in Sources */,
				448819052C045FA70061F4D7 /* CityViewController.swift in Sources */,
				445B6D7D2C020A9400C40BC2 /* RestaurantTableViewCell.swift in Sources */,
				4476E5402C0704E4002AB3DD /* AdDetailViewController.swift in Sources */,
				448819352C04B0520061F4D7 /* UIColor+Extension.swift in Sources */,
				449B349B2C00829A0010F093 /* Magazine.swift in Sources */,
				448819122C0471A90061F4D7 /* CityTableViewCell.swift in Sources */,
				4488190E2C04636C0061F4D7 /* AdTableViewCell.swift in Sources */,
				448819022C045BA30061F4D7 /* TravelModel.swift in Sources */,
				449B34872C0080DD0010F093 /* AppDelegate.swift in Sources */,
				449B34892C0080DD0010F093 /* SceneDelegate.swift in Sources */,
			);
			runOnlyForDeploymentPostprocessing = 0;
		};
/* End PBXSourcesBuildPhase section */

/* Begin PBXVariantGroup section */
		449B348C2C0080DD0010F093 /* Main.storyboard */ = {
			isa = PBXVariantGroup;
			children = (
				449B348D2C0080DD0010F093 /* Base */,
			);
			name = Main.storyboard;
			sourceTree = "<group>";
		};
		449B34912C0080DE0010F093 /* LaunchScreen.storyboard */ = {
			isa = PBXVariantGroup;
			children = (
				449B34922C0080DE0010F093 /* Base */,
			);
			name = LaunchScreen.storyboard;
			sourceTree = "<group>";
		};
/* End PBXVariantGroup section */

/* Begin XCBuildConfiguration section */
		449B34952C0080DE0010F093 /* Debug */ = {
			isa = XCBuildConfiguration;
			buildSettings = {
				ALWAYS_SEARCH_USER_PATHS = NO;
				ASSETCATALOG_COMPILER_GENERATE_SWIFT_ASSET_SYMBOL_EXTENSIONS = YES;
				CLANG_ANALYZER_NONNULL = YES;
				CLANG_ANALYZER_NUMBER_OBJECT_CONVERSION = YES_AGGRESSIVE;
				CLANG_CXX_LANGUAGE_STANDARD = "gnu++20";
				CLANG_ENABLE_MODULES = YES;
				CLANG_ENABLE_OBJC_ARC = YES;
				CLANG_ENABLE_OBJC_WEAK = YES;
				CLANG_WARN_BLOCK_CAPTURE_AUTORELEASING = YES;
				CLANG_WARN_BOOL_CONVERSION = YES;
				CLANG_WARN_COMMA = YES;
				CLANG_WARN_CONSTANT_CONVERSION = YES;
				CLANG_WARN_DEPRECATED_OBJC_IMPLEMENTATIONS = YES;
				CLANG_WARN_DIRECT_OBJC_ISA_USAGE = YES_ERROR;
				CLANG_WARN_DOCUMENTATION_COMMENTS = YES;
				CLANG_WARN_EMPTY_BODY = YES;
				CLANG_WARN_ENUM_CONVERSION = YES;
				CLANG_WARN_INFINITE_RECURSION = YES;
				CLANG_WARN_INT_CONVERSION = YES;
				CLANG_WARN_NON_LITERAL_NULL_CONVERSION = YES;
				CLANG_WARN_OBJC_IMPLICIT_RETAIN_SELF = YES;
				CLANG_WARN_OBJC_LITERAL_CONVERSION = YES;
				CLANG_WARN_OBJC_ROOT_CLASS = YES_ERROR;
				CLANG_WARN_QUOTED_INCLUDE_IN_FRAMEWORK_HEADER = YES;
				CLANG_WARN_RANGE_LOOP_ANALYSIS = YES;
				CLANG_WARN_STRICT_PROTOTYPES = YES;
				CLANG_WARN_SUSPICIOUS_MOVE = YES;
				CLANG_WARN_UNGUARDED_AVAILABILITY = YES_AGGRESSIVE;
				CLANG_WARN_UNREACHABLE_CODE = YES;
				CLANG_WARN__DUPLICATE_METHOD_MATCH = YES;
				COPY_PHASE_STRIP = NO;
				DEBUG_INFORMATION_FORMAT = dwarf;
				ENABLE_STRICT_OBJC_MSGSEND = YES;
				ENABLE_TESTABILITY = YES;
				ENABLE_USER_SCRIPT_SANDBOXING = YES;
				GCC_C_LANGUAGE_STANDARD = gnu17;
				GCC_DYNAMIC_NO_PIC = NO;
				GCC_NO_COMMON_BLOCKS = YES;
				GCC_OPTIMIZATION_LEVEL = 0;
				GCC_PREPROCESSOR_DEFINITIONS = (
					"DEBUG=1",
					"$(inherited)",
				);
				GCC_WARN_64_TO_32_BIT_CONVERSION = YES;
				GCC_WARN_ABOUT_RETURN_TYPE = YES_ERROR;
				GCC_WARN_UNDECLARED_SELECTOR = YES;
				GCC_WARN_UNINITIALIZED_AUTOS = YES_AGGRESSIVE;
				GCC_WARN_UNUSED_FUNCTION = YES;
				GCC_WARN_UNUSED_VARIABLE = YES;
				IPHONEOS_DEPLOYMENT_TARGET = 17.4;
				LOCALIZATION_PREFERS_STRING_CATALOGS = YES;
				MTL_ENABLE_DEBUG_INFO = INCLUDE_SOURCE;
				MTL_FAST_MATH = YES;
				ONLY_ACTIVE_ARCH = YES;
				SDKROOT = iphoneos;
				SWIFT_ACTIVE_COMPILATION_CONDITIONS = "DEBUG $(inherited)";
				SWIFT_OPTIMIZATION_LEVEL = "-Onone";
			};
			name = Debug;
		};
		449B34962C0080DE0010F093 /* Release */ = {
			isa = XCBuildConfiguration;
			buildSettings = {
				ALWAYS_SEARCH_USER_PATHS = NO;
				ASSETCATALOG_COMPILER_GENERATE_SWIFT_ASSET_SYMBOL_EXTENSIONS = YES;
				CLANG_ANALYZER_NONNULL = YES;
				CLANG_ANALYZER_NUMBER_OBJECT_CONVERSION = YES_AGGRESSIVE;
				CLANG_CXX_LANGUAGE_STANDARD = "gnu++20";
				CLANG_ENABLE_MODULES = YES;
				CLANG_ENABLE_OBJC_ARC = YES;
				CLANG_ENABLE_OBJC_WEAK = YES;
				CLANG_WARN_BLOCK_CAPTURE_AUTORELEASING = YES;
				CLANG_WARN_BOOL_CONVERSION = YES;
				CLANG_WARN_COMMA = YES;
				CLANG_WARN_CONSTANT_CONVERSION = YES;
				CLANG_WARN_DEPRECATED_OBJC_IMPLEMENTATIONS = YES;
				CLANG_WARN_DIRECT_OBJC_ISA_USAGE = YES_ERROR;
				CLANG_WARN_DOCUMENTATION_COMMENTS = YES;
				CLANG_WARN_EMPTY_BODY = YES;
				CLANG_WARN_ENUM_CONVERSION = YES;
				CLANG_WARN_INFINITE_RECURSION = YES;
				CLANG_WARN_INT_CONVERSION = YES;
				CLANG_WARN_NON_LITERAL_NULL_CONVERSION = YES;
				CLANG_WARN_OBJC_IMPLICIT_RETAIN_SELF = YES;
				CLANG_WARN_OBJC_LITERAL_CONVERSION = YES;
				CLANG_WARN_OBJC_ROOT_CLASS = YES_ERROR;
				CLANG_WARN_QUOTED_INCLUDE_IN_FRAMEWORK_HEADER = YES;
				CLANG_WARN_RANGE_LOOP_ANALYSIS = YES;
				CLANG_WARN_STRICT_PROTOTYPES = YES;
				CLANG_WARN_SUSPICIOUS_MOVE = YES;
				CLANG_WARN_UNGUARDED_AVAILABILITY = YES_AGGRESSIVE;
				CLANG_WARN_UNREACHABLE_CODE = YES;
				CLANG_WARN__DUPLICATE_METHOD_MATCH = YES;
				COPY_PHASE_STRIP = NO;
				DEBUG_INFORMATION_FORMAT = "dwarf-with-dsym";
				ENABLE_NS_ASSERTIONS = NO;
				ENABLE_STRICT_OBJC_MSGSEND = YES;
				ENABLE_USER_SCRIPT_SANDBOXING = YES;
				GCC_C_LANGUAGE_STANDARD = gnu17;
				GCC_NO_COMMON_BLOCKS = YES;
				GCC_WARN_64_TO_32_BIT_CONVERSION = YES;
				GCC_WARN_ABOUT_RETURN_TYPE = YES_ERROR;
				GCC_WARN_UNDECLARED_SELECTOR = YES;
				GCC_WARN_UNINITIALIZED_AUTOS = YES_AGGRESSIVE;
				GCC_WARN_UNUSED_FUNCTION = YES;
				GCC_WARN_UNUSED_VARIABLE = YES;
				IPHONEOS_DEPLOYMENT_TARGET = 17.4;
				LOCALIZATION_PREFERS_STRING_CATALOGS = YES;
				MTL_ENABLE_DEBUG_INFO = NO;
				MTL_FAST_MATH = YES;
				SDKROOT = iphoneos;
				SWIFT_COMPILATION_MODE = wholemodule;
				VALIDATE_PRODUCT = YES;
			};
			name = Release;
		};
		449B34982C0080DE0010F093 /* Debug */ = {
			isa = XCBuildConfiguration;
			buildSettings = {
				ASSETCATALOG_COMPILER_APPICON_NAME = AppIcon;
				ASSETCATALOG_COMPILER_GLOBAL_ACCENT_COLOR_NAME = AccentColor;
				CODE_SIGN_STYLE = Automatic;
				CURRENT_PROJECT_VERSION = 1;
				DEVELOPMENT_TEAM = 9M37U587ZT;
				GENERATE_INFOPLIST_FILE = YES;
				INFOPLIST_FILE = TravelMagazine/Resource/Info.plist;
				INFOPLIST_KEY_UIApplicationSupportsIndirectInputEvents = YES;
				INFOPLIST_KEY_UILaunchStoryboardName = LaunchScreen;
				INFOPLIST_KEY_UIMainStoryboardFile = Main;
				INFOPLIST_KEY_UISupportedInterfaceOrientations = UIInterfaceOrientationPortrait;
				INFOPLIST_KEY_UISupportedInterfaceOrientations_iPad = "UIInterfaceOrientationLandscapeLeft UIInterfaceOrientationLandscapeRight UIInterfaceOrientationPortrait UIInterfaceOrientationPortraitUpsideDown";
				IPHONEOS_DEPLOYMENT_TARGET = 16.0;
				LD_RUNPATH_SEARCH_PATHS = (
					"$(inherited)",
					"@executable_path/Frameworks",
				);
				MARKETING_VERSION = 1.0;
				PRODUCT_BUNDLE_IDENTIFIER = com.daeyunkwon.TravelMagazine;
				PRODUCT_NAME = "$(TARGET_NAME)";
				SUPPORTED_PLATFORMS = "iphoneos iphonesimulator";
				SUPPORTS_MACCATALYST = NO;
				SUPPORTS_MAC_DESIGNED_FOR_IPHONE_IPAD = NO;
				SUPPORTS_XR_DESIGNED_FOR_IPHONE_IPAD = NO;
				SWIFT_EMIT_LOC_STRINGS = YES;
				SWIFT_VERSION = 5.0;
				TARGETED_DEVICE_FAMILY = 1;
			};
			name = Debug;
		};
		449B34992C0080DE0010F093 /* Release */ = {
			isa = XCBuildConfiguration;
			buildSettings = {
				ASSETCATALOG_COMPILER_APPICON_NAME = AppIcon;
				ASSETCATALOG_COMPILER_GLOBAL_ACCENT_COLOR_NAME = AccentColor;
				CODE_SIGN_STYLE = Automatic;
				CURRENT_PROJECT_VERSION = 1;
				DEVELOPMENT_TEAM = 9M37U587ZT;
				GENERATE_INFOPLIST_FILE = YES;
				INFOPLIST_FILE = TravelMagazine/Resource/Info.plist;
				INFOPLIST_KEY_UIApplicationSupportsIndirectInputEvents = YES;
				INFOPLIST_KEY_UILaunchStoryboardName = LaunchScreen;
				INFOPLIST_KEY_UIMainStoryboardFile = Main;
				INFOPLIST_KEY_UISupportedInterfaceOrientations = UIInterfaceOrientationPortrait;
				INFOPLIST_KEY_UISupportedInterfaceOrientations_iPad = "UIInterfaceOrientationLandscapeLeft UIInterfaceOrientationLandscapeRight UIInterfaceOrientationPortrait UIInterfaceOrientationPortraitUpsideDown";
				IPHONEOS_DEPLOYMENT_TARGET = 16.0;
				LD_RUNPATH_SEARCH_PATHS = (
					"$(inherited)",
					"@executable_path/Frameworks",
				);
				MARKETING_VERSION = 1.0;
				PRODUCT_BUNDLE_IDENTIFIER = com.daeyunkwon.TravelMagazine;
				PRODUCT_NAME = "$(TARGET_NAME)";
				SUPPORTED_PLATFORMS = "iphoneos iphonesimulator";
				SUPPORTS_MACCATALYST = NO;
				SUPPORTS_MAC_DESIGNED_FOR_IPHONE_IPAD = NO;
				SUPPORTS_XR_DESIGNED_FOR_IPHONE_IPAD = NO;
				SWIFT_EMIT_LOC_STRINGS = YES;
				SWIFT_VERSION = 5.0;
				TARGETED_DEVICE_FAMILY = 1;
			};
			name = Release;
		};
/* End XCBuildConfiguration section */

/* Begin XCConfigurationList section */
		449B347E2C0080DD0010F093 /* Build configuration list for PBXProject "TravelMagazine" */ = {
			isa = XCConfigurationList;
			buildConfigurations = (
				449B34952C0080DE0010F093 /* Debug */,
				449B34962C0080DE0010F093 /* Release */,
			);
			defaultConfigurationIsVisible = 0;
			defaultConfigurationName = Release;
		};
		449B34972C0080DE0010F093 /* Build configuration list for PBXNativeTarget "TravelMagazine" */ = {
			isa = XCConfigurationList;
			buildConfigurations = (
				449B34982C0080DE0010F093 /* Debug */,
				449B34992C0080DE0010F093 /* Release */,
			);
			defaultConfigurationIsVisible = 0;
			defaultConfigurationName = Release;
		};
/* End XCConfigurationList section */

/* Begin XCRemoteSwiftPackageReference section */
		445B6D732C00925500C40BC2 /* XCRemoteSwiftPackageReference "Kingfisher" */ = {
			isa = XCRemoteSwiftPackageReference;
			repositoryURL = "https://github.com/onevcat/Kingfisher.git";
			requirement = {
				kind = upToNextMajorVersion;
				minimumVersion = 7.11.0;
			};
		};
		448819362C04B7890061F4D7 /* XCRemoteSwiftPackageReference "Cosmos" */ = {
			isa = XCRemoteSwiftPackageReference;
			repositoryURL = "https://github.com/evgenyneu/Cosmos.git";
			requirement = {
				kind = upToNextMajorVersion;
				minimumVersion = 25.0.1;
			};
		};
/* End XCRemoteSwiftPackageReference section */

/* Begin XCSwiftPackageProductDependency section */
		445B6D742C00925500C40BC2 /* Kingfisher */ = {
			isa = XCSwiftPackageProductDependency;
			package = 445B6D732C00925500C40BC2 /* XCRemoteSwiftPackageReference "Kingfisher" */;
			productName = Kingfisher;
		};
		448819372C04B7890061F4D7 /* Cosmos */ = {
			isa = XCSwiftPackageProductDependency;
			package = 448819362C04B7890061F4D7 /* XCRemoteSwiftPackageReference "Cosmos" */;
			productName = Cosmos;
		};
/* End XCSwiftPackageProductDependency section */
	};
	rootObject = 449B347B2C0080DD0010F093 /* Project object */;
}
